<?xml version="1.0" encoding="UTF-8"?>
<Project ToolsVersion="12.0" xmlns="http://schemas.microsoft.com/developer/msbuild/2003">
  <ItemGroup>
    <ClCompile Include="C:\Users\Michael\WiresharkSource\wsbuild64\plugins\doipwin\plugin.c">
      <Filter>Source Files</Filter>
    </ClCompile>
    <ClCompile Include="C:\Users\Michael\WiresharkSource\wireshark\plugins\doipwin\packet-doipwin.c">
      <Filter>Source Files</Filter>
    </ClCompile>
  </ItemGroup>
  <ItemGroup>
    <CustomBuild Include="C:\Users\Michael\WiresharkSource\wireshark\plugins\doipwin\CMakeLists.txt" />
    <CustomBuild Include="C:\Users\Michael\WiresharkSource\wsbuild64\CMakeFiles\75b10376970efdf6709c858f191f93e8\plugin.c.rule">
      <Filter>CMake Rules</Filter>
    </CustomBuild>
  </ItemGroup>
  <ItemGroup>
    <ResourceCompile Include="C:\Users\Michael\WiresharkSource\wsbuild64\plugins\doipwin\plugin.rc">
      <Filter>Source Files</Filter>
    </ResourceCompile>
  </ItemGroup>
  <ItemGroup>
    <Filter Include="Source Files">
      <UniqueIdentifier>{9F4D02AA-919D-3E97-8779-55EC5CF29858}</UniqueIdentifier>
    </Filter>
    <Filter Include="CMake Rules">
      <UniqueIdentifier>{8436C0A6-DD1B-3304-9944-17BDE7C3D204}</UniqueIdentifier>
    </Filter>
  </ItemGroup>
</Project>
